
Microsoft Visual Studio Solution File, Format Version 12.00
# Visual Studio 14
VisualStudioVersion = 14.0.25420.1
MinimumVisualStudioVersion = 10.0.40219.1
Project("{FAE04EC0-301F-11D3-BF4B-00C04F79EFBC}") = "Domain", "Domain\Domain.csproj", "{1DBF04AE-9237-4F60-8ED0-0ACE0DC2ADEB}"
EndProject
Project("{FAE04EC0-301F-11D3-BF4B-00C04F79EFBC}") = "Service", "Service\Service.csproj", "{24525C60-CF15-4CC3-95C9-9A3859241552}"
EndProject
Project("{FAE04EC0-301F-11D3-BF4B-00C04F79EFBC}") = "Data", "Data\Data.csproj", "{721A2886-F871-40E3-8192-77241E247450}"
EndProject
Project("{FAE04EC0-301F-11D3-BF4B-00C04F79EFBC}") = "Presentation", "Presentation\Presentation.csproj", "{269305A3-E1BC-4C31-ACF0-3C600A8CE3E0}"
EndProject
Project("{FAE04EC0-301F-11D3-BF4B-00C04F79EFBC}") = "Service.Pattern", "Service.Pattern\Service.Pattern.csproj", "{539A7E2E-D2A2-47F7-829A-024DB9B1E562}"
EndProject
Global
	GlobalSection(SolutionConfigurationPlatforms) = preSolution
		Debug|Any CPU = Debug|Any CPU
		Release|Any CPU = Release|Any CPU
	EndGlobalSection
	GlobalSection(ProjectConfigurationPlatforms) = postSolution
		{1DBF04AE-9237-4F60-8ED0-0ACE0DC2ADEB}.Debug|Any CPU.ActiveCfg = Debug|Any CPU
		{1DBF04AE-9237-4F60-8ED0-0ACE0DC2ADEB}.Debug|Any CPU.Build.0 = Debug|Any CPU
		{1DBF04AE-9237-4F60-8ED0-0ACE0DC2ADEB}.Release|Any CPU.ActiveCfg = Release|Any CPU
		{1DBF04AE-9237-4F60-8ED0-0ACE0DC2ADEB}.Release|Any CPU.Build.0 = Release|Any CPU
		{24525C60-CF15-4CC3-95C9-9A3859241552}.Debug|Any CPU.ActiveCfg = Debug|Any CPU
		{24525C60-CF15-4CC3-95C9-9A3859241552}.Debug|Any CPU.Build.0 = Debug|Any CPU
		{24525C60-CF15-4CC3-95C9-9A3859241552}.Release|Any CPU.ActiveCfg = Release|Any CPU
		{24525C60-CF15-4CC3-95C9-9A3859241552}.Release|Any CPU.Build.0 = Release|Any CPU
		{721A2886-F871-40E3-8192-77241E247450}.Debug|Any CPU.ActiveCfg = Debug|Any CPU
		{721A2886-F871-40E3-8192-77241E247450}.Debug|Any CPU.Build.0 = Debug|Any CPU
		{721A2886-F871-40E3-8192-77241E247450}.Release|Any CPU.ActiveCfg = Release|Any CPU
		{721A2886-F871-40E3-8192-77241E247450}.Release|Any CPU.Build.0 = Release|Any CPU
		{269305A3-E1BC-4C31-ACF0-3C600A8CE3E0}.Debug|Any CPU.ActiveCfg = Debug|Any CPU
		{269305A3-E1BC-4C31-ACF0-3C600A8CE3E0}.Debug|Any CPU.Build.0 = Debug|Any CPU
		{269305A3-E1BC-4C31-ACF0-3C600A8CE3E0}.Release|Any CPU.ActiveCfg = Release|Any CPU
		{269305A3-E1BC-4C31-ACF0-3C600A8CE3E0}.Release|Any CPU.Build.0 = Release|Any CPU
		{539A7E2E-D2A2-47F7-829A-024DB9B1E562}.Debug|Any CPU.ActiveCfg = Debug|Any CPU
		{539A7E2E-D2A2-47F7-829A-024DB9B1E562}.Debug|Any CPU.Build.0 = Debug|Any CPU
		{539A7E2E-D2A2-47F7-829A-024DB9B1E562}.Release|Any CPU.ActiveCfg = Release|Any CPU
		{539A7E2E-D2A2-47F7-829A-024DB9B1E562}.Release|Any CPU.Build.0 = Release|Any CPU
	EndGlobalSection
	GlobalSection(SolutionProperties) = preSolution
		HideSolutionNode = FALSE
	EndGlobalSection
EndGlobal
